#MicroXplorer Configuration settings - do not modify
Dma.Request0=SPI2_TX
Dma.RequestsNb=1
Dma.SPI2_TX.0.Channel=DMA_CHANNEL_0
Dma.SPI2_TX.0.Direction=DMA_MEMORY_TO_PERIPH
Dma.SPI2_TX.0.FIFOMode=DMA_FIFOMODE_DISABLE
Dma.SPI2_TX.0.Instance=DMA1_Stream4
Dma.SPI2_TX.0.MemDataAlignment=DMA_MDATAALIGN_HALFWORD
Dma.SPI2_TX.0.MemInc=DMA_MINC_ENABLE
Dma.SPI2_TX.0.Mode=DMA_NORMAL
Dma.SPI2_TX.0.PeriphDataAlignment=DMA_PDATAALIGN_HALFWORD
Dma.SPI2_TX.0.PeriphInc=DMA_PINC_DISABLE
Dma.SPI2_TX.0.Priority=DMA_PRIORITY_MEDIUM
Dma.SPI2_TX.0.RequestParameters=Instance,Channel,Direction,PeriphInc,MemInc,PeriphDataAlignment,MemDataAlignment,Mode,Priority,FIFOMode
File.Version=5
I2S2.AudioFreq=I2S_AUDIOFREQ_44K
I2S2.ErrorAudioFreq=-5.3 %
I2S2.IPParameters=RealAudioFreq,ErrorAudioFreq,AudioFreq
I2S2.RealAudioFreq=41.666 KHz
KeepUserPlacement=false
Mcu.Family=STM32F4
Mcu.IP0=DMA
Mcu.IP1=FATFS
Mcu.IP2=I2S2
Mcu.IP3=NVIC
Mcu.IP4=RCC
Mcu.IP5=SDIO
Mcu.IP6=SYS
Mcu.IPNb=7
Mcu.Name=STM32F429Z(E-G-I)Tx
Mcu.Package=LQFP144
Mcu.Pin0=PC3
Mcu.Pin1=PA4
Mcu.Pin10=VP_FATFS_VS_SDIO
Mcu.Pin2=PB10
Mcu.Pin3=PB12
Mcu.Pin4=PC6
Mcu.Pin5=PC8
Mcu.Pin6=PA13
Mcu.Pin7=PA14
Mcu.Pin8=PC12
Mcu.Pin9=PD2
Mcu.PinsNb=11
Mcu.UserConstants=
Mcu.UserName=STM32F429ZITx
MxCube.Version=4.12.0
MxDb.Version=DB.4.0.120
NVIC.DMA1_Stream4_IRQn=true\:0\:0\:false
NVIC.PriorityGroup=NVIC_PRIORITYGROUP_4
NVIC.SysTick_IRQn=true\:0\:0\:false
PA13.Mode=Serial-Wire
PA13.Signal=SYS_JTMS-SWDIO
PA14.Mode=Serial-Wire
PA14.Signal=SYS_JTCK-SWCLK
PA4.Locked=true
PA4.Signal=I2S3_WS
PB10.Mode=Half_Duplex_Master
PB10.Signal=I2S2_CK
PB12.Mode=Half_Duplex_Master
PB12.Signal=I2S2_WS
PC12.Locked=true
PC12.Mode=SD_1_bit
PC12.Signal=SDIO_CK
PC3.Mode=Half_Duplex_Master
PC3.Signal=I2S2_SD
PC6.Mode=Master_Clock_Activated
PC6.Signal=I2S2_MCK
PC8.Mode=SD_1_bit
PC8.Signal=SDIO_D0
PCC.Checker=false
PCC.Line=STM32F429/439
PCC.MCU=STM32F429Z(E-G-I)Tx
PCC.MXVersion=4.12.0
PCC.PartNumber=STM32F429ZITx
PCC.Seq0=0
PCC.Series=STM32F4
PCC.Temperature=25
PCC.Vdd=null
PD2.Mode=SD_1_bit
PD2.Signal=SDIO_CMD
ProjectManager.AskForMigrate=true
ProjectManager.BackupPrevious=false
ProjectManager.CompilerOptimize=2
ProjectManager.ComputerToolchain=false
ProjectManager.CoupleFile=false
ProjectManager.DeletePrevious=true
ProjectManager.DeviceId=STM32F429ZITx
ProjectManager.FirmwarePackage=STM32Cube FW_F4 V1.10.1
ProjectManager.FreePins=false
ProjectManager.HalAssertFull=false
ProjectManager.KeepUserCode=true
ProjectManager.LastFirmware=true
ProjectManager.LibraryCopy=0
ProjectManager.ProjectBuild=false
ProjectManager.ProjectFileName=audio2015.ioc
ProjectManager.ProjectName=audio2015
ProjectManager.TargetToolchain=MDK-ARM V5
ProjectManager.ToolChainLocation=
RCC.48MHZClocksFreq_Value=38400000
RCC.AHBFreq_Value=16000000
RCC.APB1Freq_Value=16000000
RCC.APB1TimFreq_Value=16000000
RCC.APB2Freq_Value=16000000
RCC.APB2TimFreq_Value=16000000
RCC.CortexFreq_Value=16000000
RCC.EthernetFreq_Value=16000000
RCC.FCLKCortexFreq_Value=16000000
RCC.FamilyName=M
RCC.HCLKFreq_Value=16000000
RCC.HSE_VALUE=25000000
RCC.HSI_VALUE=16000000
RCC.I2SClocksFreq_Value=64000000.00000001
RCC.IPParameters=FamilyName,HSE_VALUE,RTCHSEDivFreq_Value,LSE_VALUE,LSI_VALUE,RTCFreq_Value,HSI_VALUE,SYSCLKFreq_VALUE,AHBFreq_Value,CortexFreq_Value,APB1Freq_Value,APB2Freq_Value,VCOInputFreq_Value,VCOSAIOutputFreq_Value,VCOSAIOutputFreq_ValueR,VCOSAIOutputFreq_ValueQ,VCOOutputFreq_Value,PLLCLKFreq_Value,PLLQCLKFreq_Value,VCOI2SOutputFreq_Value,VcooutputI2S,I2SClocksFreq_Value,VcooutputI2SQ,HCLKFreq_Value,FCLKCortexFreq_Value,APB1TimFreq_Value,APB2TimFreq_Value,EthernetFreq_Value,MCO2PinFreq_Value,LCDTFTFreq_Value,SAI_AClocksFreq_Value,SAI_BClocksFreq_Value,48MHZClocksFreq_Value,PLLI2SN,PLLM,PLLN
RCC.LCDTFTFreq_Value=13066666.666666668
RCC.LSE_VALUE=32768
RCC.LSI_VALUE=32000
RCC.MCO2PinFreq_Value=16000000
RCC.PLLCLKFreq_Value=76800000
RCC.PLLI2SN=120
RCC.PLLM=15
RCC.PLLN=144
RCC.PLLQCLKFreq_Value=38400000
RCC.RTCFreq_Value=32000
RCC.RTCHSEDivFreq_Value=12500000
RCC.SAI_AClocksFreq_Value=13066666.666666668
RCC.SAI_BClocksFreq_Value=13066666.666666668
RCC.SYSCLKFreq_VALUE=16000000
RCC.VCOI2SOutputFreq_Value=128000000.00000001
RCC.VCOInputFreq_Value=1066666.6666666667
RCC.VCOOutputFreq_Value=153600000
RCC.VCOSAIOutputFreq_Value=52266666.66666667
RCC.VCOSAIOutputFreq_ValueQ=13066666.666666668
RCC.VCOSAIOutputFreq_ValueR=26133333.333333336
RCC.VcooutputI2S=64000000.00000001
RCC.VcooutputI2SQ=64000000.00000001
SDIO.BusWide=SDIO_BUS_WIDE_1B
SDIO.IPParameters=BusWide
VP_FATFS_VS_SDIO.Mode=SDIO
VP_FATFS_VS_SDIO.Signal=FATFS_VS_SDIO
board=audio2015
